// !$*UTF8*$!
{
	archiveVersion = 1;
	classes = {
	};
	objectVersion = 56;
	objects = {

/* Begin PBXBuildFile section */
		710BDFE42AC827740036F339 /* ShopListsView.swift in Sources */ = {isa = PBXBuildFile; fileRef = 710BDFE32AC827740036F339 /* ShopListsView.swift */; };
		710BDFE92AC82EEB0036F339 /* CloudKitUtility.swift in Sources */ = {isa = PBXBuildFile; fileRef = 710BDFE82AC82EEB0036F339 /* CloudKitUtility.swift */; };
		710BDFEB2AC85F260036F339 /* shoplists.json in Resources */ = {isa = PBXBuildFile; fileRef = 710BDFEA2AC85F260036F339 /* shoplists.json */; };
		710BDFEE2AC862A30036F339 /* CKShopListRec.swift in Sources */ = {isa = PBXBuildFile; fileRef = 710BDFED2AC862A30036F339 /* CKShopListRec.swift */; };
		710BDFF02AC864770036F339 /* MyRecordTypes.swift in Sources */ = {isa = PBXBuildFile; fileRef = 710BDFEF2AC864770036F339 /* MyRecordTypes.swift */; };
		710BDFF22AC86A790036F339 /* ModelShopList.swift in Sources */ = {isa = PBXBuildFile; fileRef = 710BDFF12AC86A790036F339 /* ModelShopList.swift */; };
		710BDFF42AC86E3B0036F339 /* Logger.swift in Sources */ = {isa = PBXBuildFile; fileRef = 710BDFF32AC86E3B0036F339 /* Logger.swift */; };
		710BDFF62AC874A70036F339 /* ShopListRowView.swift in Sources */ = {isa = PBXBuildFile; fileRef = 710BDFF52AC874A70036F339 /* ShopListRowView.swift */; };
		710BDFF82AC8775E0036F339 /* Model.swift in Sources */ = {isa = PBXBuildFile; fileRef = 710BDFF72AC8775E0036F339 /* Model.swift */; };
		710BDFFB2AC8A65F0036F339 /* PreferencesView.swift in Sources */ = {isa = PBXBuildFile; fileRef = 710BDFFA2AC8A65F0036F339 /* PreferencesView.swift */; };
		710BDFFD2AC8A8DC0036F339 /* SLFormLabelText.swift in Sources */ = {isa = PBXBuildFile; fileRef = 710BDFFC2AC8A8DC0036F339 /* SLFormLabelText.swift */; };
		710BE0002AC8A9E30036F339 /* Development.swift in Sources */ = {isa = PBXBuildFile; fileRef = 710BDFFF2AC8A9E30036F339 /* Development.swift */; };
		710BE0022AC980670036F339 /* View+Extensions.swift in Sources */ = {isa = PBXBuildFile; fileRef = 710BE0012AC980670036F339 /* View+Extensions.swift */; };
		7113EFAD2ACC223F00EA143B /* DraftShopListForm.swift in Sources */ = {isa = PBXBuildFile; fileRef = 7113EFAC2ACC223F00EA143B /* DraftShopListForm.swift */; };
		713EA42C2AD0B53300DC1411 /* UpdateLocationView.swift in Sources */ = {isa = PBXBuildFile; fileRef = 713EA42B2AD0B53300DC1411 /* UpdateLocationView.swift */; };
		713EA42E2AD0B6B600DC1411 /* DraftLocationForm.swift in Sources */ = {isa = PBXBuildFile; fileRef = 713EA42D2AD0B6B600DC1411 /* DraftLocationForm.swift */; };
		71627F462AD61C8D00E3EF8B /* ModifyExistingItemView.swift in Sources */ = {isa = PBXBuildFile; fileRef = 71627F452AD61C8D00E3EF8B /* ModifyExistingItemView.swift */; };
		71627F482AD61CF400E3EF8B /* DraftItemForm.swift in Sources */ = {isa = PBXBuildFile; fileRef = 71627F472AD61CF400E3EF8B /* DraftItemForm.swift */; };
		716BF5332AC6D645009197F6 /* Assets.xcassets in Resources */ = {isa = PBXBuildFile; fileRef = 716BF5322AC6D645009197F6 /* Assets.xcassets */; };
		716BF5362AC6D645009197F6 /* Preview Assets.xcassets in Resources */ = {isa = PBXBuildFile; fileRef = 716BF5352AC6D645009197F6 /* Preview Assets.xcassets */; };
		719609992ACF4A65008706EE /* ModelLocation.swift in Sources */ = {isa = PBXBuildFile; fileRef = 719609982ACF4A65008706EE /* ModelLocation.swift */; };
		7196099C2ACF4DD4008706EE /* LocationsView.swift in Sources */ = {isa = PBXBuildFile; fileRef = 7196099B2ACF4DD4008706EE /* LocationsView.swift */; };
		7196099E2ACF5348008706EE /* LocationRowView.swift in Sources */ = {isa = PBXBuildFile; fileRef = 7196099D2ACF5348008706EE /* LocationRowView.swift */; };
		719E60362ACEC5D7002409F4 /* CKLocationRec.swift in Sources */ = {isa = PBXBuildFile; fileRef = 719E60352ACEC5D7002409F4 /* CKLocationRec.swift */; };
		719E60382ACED442002409F4 /* locations.json in Resources */ = {isa = PBXBuildFile; fileRef = 719E60372ACED442002409F4 /* locations.json */; };
		71A204392AD54F5000B05A55 /* ShoppingListView.swift in Sources */ = {isa = PBXBuildFile; fileRef = 71A204382AD54F5000B05A55 /* ShoppingListView.swift */; };
		71A2043B2AD550FD00B05A55 /* ItemListView.swift in Sources */ = {isa = PBXBuildFile; fileRef = 71A2043A2AD550FD00B05A55 /* ItemListView.swift */; };
		71A2043D2AD5512100B05A55 /* ItemSection.swift in Sources */ = {isa = PBXBuildFile; fileRef = 71A2043C2AD5512100B05A55 /* ItemSection.swift */; };
		71A2043F2AD5517700B05A55 /* SelectableItemRowView.swift in Sources */ = {isa = PBXBuildFile; fileRef = 71A2043E2AD5517700B05A55 /* SelectableItemRowView.swift */; };
		71A204412AD55F4800B05A55 /* SectionHeaderButton.swift in Sources */ = {isa = PBXBuildFile; fileRef = 71A204402AD55F4800B05A55 /* SectionHeaderButton.swift */; };
		71A204432AD562D200B05A55 /* EmptyListView.swift in Sources */ = {isa = PBXBuildFile; fileRef = 71A204422AD562D200B05A55 /* EmptyListView.swift */; };
		71A204452AD5640C00B05A55 /* AddNewItemView.swift in Sources */ = {isa = PBXBuildFile; fileRef = 71A204442AD5640C00B05A55 /* AddNewItemView.swift */; };
		71A204472AD5648000B05A55 /* NavBarImageButton.swift in Sources */ = {isa = PBXBuildFile; fileRef = 71A204462AD5648000B05A55 /* NavBarImageButton.swift */; };
		71C7233D2AD1D0E300881694 /* CKItemRec.swift in Sources */ = {isa = PBXBuildFile; fileRef = 71C7233C2AD1D0E300881694 /* CKItemRec.swift */; };
		71C7233F2AD1DD2800881694 /* items.json in Resources */ = {isa = PBXBuildFile; fileRef = 71C7233E2AD1DD2800881694 /* items.json */; };
		71C723412AD207AF00881694 /* ModelItem.swift in Sources */ = {isa = PBXBuildFile; fileRef = 71C723402AD207AF00881694 /* ModelItem.swift */; };
		71CA430B2ACAD5C800E5457A /* CKShopperRec.swift in Sources */ = {isa = PBXBuildFile; fileRef = 71CA430A2ACAD5C800E5457A /* CKShopperRec.swift */; };
		71CA430E2ACADB6500E5457A /* ModelShopper.swift in Sources */ = {isa = PBXBuildFile; fileRef = 71CA430D2ACADB6500E5457A /* ModelShopper.swift */; };
		71CA43102ACB8B7F00E5457A /* UpdateShopListView.swift in Sources */ = {isa = PBXBuildFile; fileRef = 71CA430F2ACB8B7F00E5457A /* UpdateShopListView.swift */; };
		71CED15A2AC7663800F5E4E9 /* CompactMainView.swift in Sources */ = {isa = PBXBuildFile; fileRef = 71CED1552AC7663800F5E4E9 /* CompactMainView.swift */; };
		71CED15B2AC7663800F5E4E9 /* NavigationItem.swift in Sources */ = {isa = PBXBuildFile; fileRef = 71CED1562AC7663800F5E4E9 /* NavigationItem.swift */; };
		71CED15C2AC7663800F5E4E9 /* MainView.swift in Sources */ = {isa = PBXBuildFile; fileRef = 71CED1572AC7663800F5E4E9 /* MainView.swift */; };
		71CED15D2AC7663800F5E4E9 /* StoreShoppingApp.swift in Sources */ = {isa = PBXBuildFile; fileRef = 71CED1582AC7663800F5E4E9 /* StoreShoppingApp.swift */; };
		71CED15E2AC7663800F5E4E9 /* RegularMainView.swift in Sources */ = {isa = PBXBuildFile; fileRef = 71CED1592AC7663800F5E4E9 /* RegularMainView.swift */; };
		71CED1652AC7696300F5E4E9 /* PurchasedItemsView.swift in Sources */ = {isa = PBXBuildFile; fileRef = 71CED1642AC7696300F5E4E9 /* PurchasedItemsView.swift */; };
		71CED16E2AC76A5B00F5E4E9 /* NavBarAppearanceModifier.swift in Sources */ = {isa = PBXBuildFile; fileRef = 71CED16D2AC76A5B00F5E4E9 /* NavBarAppearanceModifier.swift */; };
		71CED1722AC76D1F00F5E4E9 /* GlobalTimer.swift in Sources */ = {isa = PBXBuildFile; fileRef = 71CED1702AC76D1F00F5E4E9 /* GlobalTimer.swift */; };
		71CED1732AC76D1F00F5E4E9 /* TimerView.swift in Sources */ = {isa = PBXBuildFile; fileRef = 71CED1712AC76D1F00F5E4E9 /* TimerView.swift */; };
		71CED1752AC76E0700F5E4E9 /* UserDefaultDefinitions.swift in Sources */ = {isa = PBXBuildFile; fileRef = 71CED1742AC76E0700F5E4E9 /* UserDefaultDefinitions.swift */; };
/* End PBXBuildFile section */

/* Begin PBXFileReference section */
		710BDFE32AC827740036F339 /* ShopListsView.swift */ = {isa = PBXFileReference; fileEncoding = 4; lastKnownFileType = sourcecode.swift; path = ShopListsView.swift; sourceTree = "<group>"; };
		710BDFE82AC82EEB0036F339 /* CloudKitUtility.swift */ = {isa = PBXFileReference; fileEncoding = 4; lastKnownFileType = sourcecode.swift; path = CloudKitUtility.swift; sourceTree = "<group>"; };
		710BDFEA2AC85F260036F339 /* shoplists.json */ = {isa = PBXFileReference; fileEncoding = 4; lastKnownFileType = text.json; path = shoplists.json; sourceTree = "<group>"; };
		710BDFEC2AC860D70036F339 /* StoreShopping.entitlements */ = {isa = PBXFileReference; lastKnownFileType = text.plist.entitlements; path = StoreShopping.entitlements; sourceTree = "<group>"; };
		710BDFED2AC862A30036F339 /* CKShopListRec.swift */ = {isa = PBXFileReference; lastKnownFileType = sourcecode.swift; path = CKShopListRec.swift; sourceTree = "<group>"; };
		710BDFEF2AC864770036F339 /* MyRecordTypes.swift */ = {isa = PBXFileReference; lastKnownFileType = sourcecode.swift; path = MyRecordTypes.swift; sourceTree = "<group>"; };
		710BDFF12AC86A790036F339 /* ModelShopList.swift */ = {isa = PBXFileReference; lastKnownFileType = sourcecode.swift; path = ModelShopList.swift; sourceTree = "<group>"; };
		710BDFF32AC86E3B0036F339 /* Logger.swift */ = {isa = PBXFileReference; fileEncoding = 4; lastKnownFileType = sourcecode.swift; path = Logger.swift; sourceTree = "<group>"; };
		710BDFF52AC874A70036F339 /* ShopListRowView.swift */ = {isa = PBXFileReference; fileEncoding = 4; lastKnownFileType = sourcecode.swift; path = ShopListRowView.swift; sourceTree = "<group>"; };
		710BDFF72AC8775E0036F339 /* Model.swift */ = {isa = PBXFileReference; fileEncoding = 4; lastKnownFileType = sourcecode.swift; path = Model.swift; sourceTree = "<group>"; };
		710BDFFA2AC8A65F0036F339 /* PreferencesView.swift */ = {isa = PBXFileReference; fileEncoding = 4; lastKnownFileType = sourcecode.swift; path = PreferencesView.swift; sourceTree = "<group>"; };
		710BDFFC2AC8A8DC0036F339 /* SLFormLabelText.swift */ = {isa = PBXFileReference; fileEncoding = 4; lastKnownFileType = sourcecode.swift; path = SLFormLabelText.swift; sourceTree = "<group>"; };
		710BDFFF2AC8A9E30036F339 /* Development.swift */ = {isa = PBXFileReference; lastKnownFileType = sourcecode.swift; path = Development.swift; sourceTree = "<group>"; };
		710BE0012AC980670036F339 /* View+Extensions.swift */ = {isa = PBXFileReference; fileEncoding = 4; lastKnownFileType = sourcecode.swift; path = "View+Extensions.swift"; sourceTree = "<group>"; };
		7113EFAC2ACC223F00EA143B /* DraftShopListForm.swift */ = {isa = PBXFileReference; fileEncoding = 4; lastKnownFileType = sourcecode.swift; path = DraftShopListForm.swift; sourceTree = "<group>"; };
		713EA42B2AD0B53300DC1411 /* UpdateLocationView.swift */ = {isa = PBXFileReference; lastKnownFileType = sourcecode.swift; path = UpdateLocationView.swift; sourceTree = "<group>"; };
		713EA42D2AD0B6B600DC1411 /* DraftLocationForm.swift */ = {isa = PBXFileReference; fileEncoding = 4; lastKnownFileType = sourcecode.swift; path = DraftLocationForm.swift; sourceTree = "<group>"; };
		71627F452AD61C8D00E3EF8B /* ModifyExistingItemView.swift */ = {isa = PBXFileReference; fileEncoding = 4; lastKnownFileType = sourcecode.swift; path = ModifyExistingItemView.swift; sourceTree = "<group>"; };
		71627F472AD61CF400E3EF8B /* DraftItemForm.swift */ = {isa = PBXFileReference; fileEncoding = 4; lastKnownFileType = sourcecode.swift; path = DraftItemForm.swift; sourceTree = "<group>"; };
		716BF52B2AC6D643009197F6 /* StoreShopping.app */ = {isa = PBXFileReference; explicitFileType = wrapper.application; includeInIndex = 0; path = StoreShopping.app; sourceTree = BUILT_PRODUCTS_DIR; };
		716BF5322AC6D645009197F6 /* Assets.xcassets */ = {isa = PBXFileReference; lastKnownFileType = folder.assetcatalog; path = Assets.xcassets; sourceTree = "<group>"; };
		716BF5352AC6D645009197F6 /* Preview Assets.xcassets */ = {isa = PBXFileReference; lastKnownFileType = folder.assetcatalog; path = "Preview Assets.xcassets"; sourceTree = "<group>"; };
		719609982ACF4A65008706EE /* ModelLocation.swift */ = {isa = PBXFileReference; lastKnownFileType = sourcecode.swift; path = ModelLocation.swift; sourceTree = "<group>"; };
		7196099B2ACF4DD4008706EE /* LocationsView.swift */ = {isa = PBXFileReference; fileEncoding = 4; lastKnownFileType = sourcecode.swift; path = LocationsView.swift; sourceTree = "<group>"; };
		7196099D2ACF5348008706EE /* LocationRowView.swift */ = {isa = PBXFileReference; fileEncoding = 4; lastKnownFileType = sourcecode.swift; path = LocationRowView.swift; sourceTree = "<group>"; };
		719E60352ACEC5D7002409F4 /* CKLocationRec.swift */ = {isa = PBXFileReference; lastKnownFileType = sourcecode.swift; path = CKLocationRec.swift; sourceTree = "<group>"; };
		719E60372ACED442002409F4 /* locations.json */ = {isa = PBXFileReference; fileEncoding = 4; lastKnownFileType = text.json; path = locations.json; sourceTree = "<group>"; };
		71A204382AD54F5000B05A55 /* ShoppingListView.swift */ = {isa = PBXFileReference; fileEncoding = 4; lastKnownFileType = sourcecode.swift; path = ShoppingListView.swift; sourceTree = "<group>"; };
		71A2043A2AD550FD00B05A55 /* ItemListView.swift */ = {isa = PBXFileReference; fileEncoding = 4; lastKnownFileType = sourcecode.swift; path = ItemListView.swift; sourceTree = "<group>"; };
		71A2043C2AD5512100B05A55 /* ItemSection.swift */ = {isa = PBXFileReference; fileEncoding = 4; lastKnownFileType = sourcecode.swift; path = ItemSection.swift; sourceTree = "<group>"; };
		71A2043E2AD5517700B05A55 /* SelectableItemRowView.swift */ = {isa = PBXFileReference; fileEncoding = 4; lastKnownFileType = sourcecode.swift; path = SelectableItemRowView.swift; sourceTree = "<group>"; };
		71A204402AD55F4800B05A55 /* SectionHeaderButton.swift */ = {isa = PBXFileReference; fileEncoding = 4; lastKnownFileType = sourcecode.swift; path = SectionHeaderButton.swift; sourceTree = "<group>"; };
		71A204422AD562D200B05A55 /* EmptyListView.swift */ = {isa = PBXFileReference; fileEncoding = 4; lastKnownFileType = sourcecode.swift; path = EmptyListView.swift; sourceTree = "<group>"; };
		71A204442AD5640C00B05A55 /* AddNewItemView.swift */ = {isa = PBXFileReference; lastKnownFileType = sourcecode.swift; path = AddNewItemView.swift; sourceTree = "<group>"; };
		71A204462AD5648000B05A55 /* NavBarImageButton.swift */ = {isa = PBXFileReference; fileEncoding = 4; lastKnownFileType = sourcecode.swift; path = NavBarImageButton.swift; sourceTree = "<group>"; };
		71C7233C2AD1D0E300881694 /* CKItemRec.swift */ = {isa = PBXFileReference; lastKnownFileType = sourcecode.swift; path = CKItemRec.swift; sourceTree = "<group>"; };
		71C7233E2AD1DD2800881694 /* items.json */ = {isa = PBXFileReference; fileEncoding = 4; lastKnownFileType = text.json; path = items.json; sourceTree = "<group>"; };
		71C723402AD207AF00881694 /* ModelItem.swift */ = {isa = PBXFileReference; lastKnownFileType = sourcecode.swift; path = ModelItem.swift; sourceTree = "<group>"; };
		71CA430A2ACAD5C800E5457A /* CKShopperRec.swift */ = {isa = PBXFileReference; lastKnownFileType = sourcecode.swift; path = CKShopperRec.swift; sourceTree = "<group>"; };
		71CA430C2ACADA6000E5457A /* shoppers.json */ = {isa = PBXFileReference; lastKnownFileType = text.json; path = shoppers.json; sourceTree = "<group>"; };
		71CA430D2ACADB6500E5457A /* ModelShopper.swift */ = {isa = PBXFileReference; lastKnownFileType = sourcecode.swift; path = ModelShopper.swift; sourceTree = "<group>"; };
		71CA430F2ACB8B7F00E5457A /* UpdateShopListView.swift */ = {isa = PBXFileReference; fileEncoding = 4; lastKnownFileType = sourcecode.swift; path = UpdateShopListView.swift; sourceTree = "<group>"; };
		71CED1552AC7663800F5E4E9 /* CompactMainView.swift */ = {isa = PBXFileReference; fileEncoding = 4; lastKnownFileType = sourcecode.swift; path = CompactMainView.swift; sourceTree = "<group>"; };
		71CED1562AC7663800F5E4E9 /* NavigationItem.swift */ = {isa = PBXFileReference; fileEncoding = 4; lastKnownFileType = sourcecode.swift; path = NavigationItem.swift; sourceTree = "<group>"; };
		71CED1572AC7663800F5E4E9 /* MainView.swift */ = {isa = PBXFileReference; fileEncoding = 4; lastKnownFileType = sourcecode.swift; path = MainView.swift; sourceTree = "<group>"; };
		71CED1582AC7663800F5E4E9 /* StoreShoppingApp.swift */ = {isa = PBXFileReference; fileEncoding = 4; lastKnownFileType = sourcecode.swift; path = StoreShoppingApp.swift; sourceTree = "<group>"; };
		71CED1592AC7663800F5E4E9 /* RegularMainView.swift */ = {isa = PBXFileReference; fileEncoding = 4; lastKnownFileType = sourcecode.swift; path = RegularMainView.swift; sourceTree = "<group>"; };
		71CED1642AC7696300F5E4E9 /* PurchasedItemsView.swift */ = {isa = PBXFileReference; lastKnownFileType = sourcecode.swift; path = PurchasedItemsView.swift; sourceTree = "<group>"; };
		71CED16D2AC76A5B00F5E4E9 /* NavBarAppearanceModifier.swift */ = {isa = PBXFileReference; fileEncoding = 4; lastKnownFileType = sourcecode.swift; path = NavBarAppearanceModifier.swift; sourceTree = "<group>"; };
		71CED1702AC76D1F00F5E4E9 /* GlobalTimer.swift */ = {isa = PBXFileReference; fileEncoding = 4; lastKnownFileType = sourcecode.swift; path = GlobalTimer.swift; sourceTree = "<group>"; };
		71CED1712AC76D1F00F5E4E9 /* TimerView.swift */ = {isa = PBXFileReference; fileEncoding = 4; lastKnownFileType = sourcecode.swift; path = TimerView.swift; sourceTree = "<group>"; };
		71CED1742AC76E0700F5E4E9 /* UserDefaultDefinitions.swift */ = {isa = PBXFileReference; lastKnownFileType = sourcecode.swift; path = UserDefaultDefinitions.swift; sourceTree = "<group>"; };
/* End PBXFileReference section */

/* Begin PBXFrameworksBuildPhase section */
		716BF5282AC6D643009197F6 /* Frameworks */ = {
			isa = PBXFrameworksBuildPhase;
			buildActionMask = 2147483647;
			files = (
			);
			runOnlyForDeploymentPostprocessing = 0;
		};
/* End PBXFrameworksBuildPhase section */

/* Begin PBXGroup section */
		710BDFE22AC827590036F339 /* Shopist Lists and Views */ = {
			isa = PBXGroup;
			children = (
				71CA430F2ACB8B7F00E5457A /* UpdateShopListView.swift */,
				7113EFAC2ACC223F00EA143B /* DraftShopListForm.swift */,
				710BDFE32AC827740036F339 /* ShopListsView.swift */,
				710BDFF52AC874A70036F339 /* ShopListRowView.swift */,
			);
			path = "Shopist Lists and Views";
			sourceTree = "<group>";
		};
		710BDFE52AC82CFE0036F339 /* Model Group */ = {
			isa = PBXGroup;
			children = (
				710BDFF72AC8775E0036F339 /* Model.swift */,
				710BDFF12AC86A790036F339 /* ModelShopList.swift */,
				71CA430D2ACADB6500E5457A /* ModelShopper.swift */,
				719609982ACF4A65008706EE /* ModelLocation.swift */,
				71C723402AD207AF00881694 /* ModelItem.swift */,
			);
			path = "Model Group";
			sourceTree = "<group>";
		};
		710BDFE62AC82D100036F339 /* Record Group */ = {
			isa = PBXGroup;
			children = (
				719E60352ACEC5D7002409F4 /* CKLocationRec.swift */,
				710BDFED2AC862A30036F339 /* CKShopListRec.swift */,
				710BDFEF2AC864770036F339 /* MyRecordTypes.swift */,
				71CA430A2ACAD5C800E5457A /* CKShopperRec.swift */,
				71C7233C2AD1D0E300881694 /* CKItemRec.swift */,
			);
			path = "Record Group";
			sourceTree = "<group>";
		};
		710BDFE72AC82ED70036F339 /* MyStuff */ = {
			isa = PBXGroup;
			children = (
				71A204462AD5648000B05A55 /* NavBarImageButton.swift */,
				710BE0012AC980670036F339 /* View+Extensions.swift */,
				710BDFF32AC86E3B0036F339 /* Logger.swift */,
				710BDFE82AC82EEB0036F339 /* CloudKitUtility.swift */,
			);
			path = MyStuff;
			sourceTree = "<group>";
		};
		710BDFF92AC8A6460036F339 /* Preferences View */ = {
			isa = PBXGroup;
			children = (
				710BDFFA2AC8A65F0036F339 /* PreferencesView.swift */,
			);
			path = "Preferences View";
			sourceTree = "<group>";
		};
		710BDFFE2AC8A9B70036F339 /* Development */ = {
			isa = PBXGroup;
			children = (
				710BDFFF2AC8A9E30036F339 /* Development.swift */,
			);
			path = Development;
			sourceTree = "<group>";
		};
		716BF5222AC6D643009197F6 = {
			isa = PBXGroup;
			children = (
				716BF52C2AC6D643009197F6 /* Products */,
				716BF52D2AC6D643009197F6 /* StoreShopping */,
			);
			sourceTree = "<group>";
		};
		716BF52C2AC6D643009197F6 /* Products */ = {
			isa = PBXGroup;
			children = (
				716BF52B2AC6D643009197F6 /* StoreShopping.app */,
			);
			name = Products;
			sourceTree = "<group>";
		};
		716BF52D2AC6D643009197F6 /* StoreShopping */ = {
			isa = PBXGroup;
			children = (
				71B2CED32AD2B4FF006B52E3 /* Item Lists and Views */,
				7196099A2ACF4DAC008706EE /* Location Lists and Views */,
				710BDFFE2AC8A9B70036F339 /* Development */,
				710BDFF92AC8A6460036F339 /* Preferences View */,
				710BDFE72AC82ED70036F339 /* MyStuff */,
				710BDFE62AC82D100036F339 /* Record Group */,
				710BDFE52AC82CFE0036F339 /* Model Group */,
				71CED1742AC76E0700F5E4E9 /* UserDefaultDefinitions.swift */,
				710BDFE22AC827590036F339 /* Shopist Lists and Views */,
				71CED16F2AC76D1F00F5E4E9 /* Timer View */,
				71CED16C2AC76A3E00F5E4E9 /* Custom Views */,
				71CED15F2AC7689B00F5E4E9 /* Stubs */,
				71CED1542AC765F100F5E4E9 /* App and Main Level Views */,
				716BF5322AC6D645009197F6 /* Assets.xcassets */,
				710BDFEC2AC860D70036F339 /* StoreShopping.entitlements */,
				71C7233E2AD1DD2800881694 /* items.json */,
				710BDFEA2AC85F260036F339 /* shoplists.json */,
				719E60372ACED442002409F4 /* locations.json */,
				71CA430C2ACADA6000E5457A /* shoppers.json */,
				716BF5342AC6D645009197F6 /* Preview Content */,
			);
			path = StoreShopping;
			sourceTree = "<group>";
		};
		716BF5342AC6D645009197F6 /* Preview Content */ = {
			isa = PBXGroup;
			children = (
				716BF5352AC6D645009197F6 /* Preview Assets.xcassets */,
			);
			path = "Preview Content";
			sourceTree = "<group>";
		};
		7196099A2ACF4DAC008706EE /* Location Lists and Views */ = {
			isa = PBXGroup;
			children = (
				7196099B2ACF4DD4008706EE /* LocationsView.swift */,
				7196099D2ACF5348008706EE /* LocationRowView.swift */,
				713EA42B2AD0B53300DC1411 /* UpdateLocationView.swift */,
				713EA42D2AD0B6B600DC1411 /* DraftLocationForm.swift */,
			);
			path = "Location Lists and Views";
			sourceTree = "<group>";
		};
		71B2CED32AD2B4FF006B52E3 /* Item Lists and Views */ = {
			isa = PBXGroup;
			children = (
				71A204382AD54F5000B05A55 /* ShoppingListView.swift */,
				71A2043A2AD550FD00B05A55 /* ItemListView.swift */,
				71A2043C2AD5512100B05A55 /* ItemSection.swift */,
				71627F452AD61C8D00E3EF8B /* ModifyExistingItemView.swift */,
				71627F472AD61CF400E3EF8B /* DraftItemForm.swift */,
				71A2043E2AD5517700B05A55 /* SelectableItemRowView.swift */,
				71A204402AD55F4800B05A55 /* SectionHeaderButton.swift */,
				71A204422AD562D200B05A55 /* EmptyListView.swift */,
			);
			path = "Item Lists and Views";
			sourceTree = "<group>";
		};
		71CED1542AC765F100F5E4E9 /* App and Main Level Views */ = {
			isa = PBXGroup;
			children = (
				71CED1552AC7663800F5E4E9 /* CompactMainView.swift */,
				71CED1572AC7663800F5E4E9 /* MainView.swift */,
				71CED1562AC7663800F5E4E9 /* NavigationItem.swift */,
				71CED1592AC7663800F5E4E9 /* RegularMainView.swift */,
				71CED1582AC7663800F5E4E9 /* StoreShoppingApp.swift */,
			);
			path = "App and Main Level Views";
			sourceTree = "<group>";
		};
		71CED15F2AC7689B00F5E4E9 /* Stubs */ = {
			isa = PBXGroup;
			children = (
				71CED1642AC7696300F5E4E9 /* PurchasedItemsView.swift */,
				71A204442AD5640C00B05A55 /* AddNewItemView.swift */,
			);
			path = Stubs;
			sourceTree = "<group>";
		};
		71CED16C2AC76A3E00F5E4E9 /* Custom Views */ = {
			isa = PBXGroup;
			children = (
				710BDFFC2AC8A8DC0036F339 /* SLFormLabelText.swift */,
				71CED16D2AC76A5B00F5E4E9 /* NavBarAppearanceModifier.swift */,
			);
			path = "Custom Views";
			sourceTree = "<group>";
		};
		71CED16F2AC76D1F00F5E4E9 /* Timer View */ = {
			isa = PBXGroup;
			children = (
				71CED1702AC76D1F00F5E4E9 /* GlobalTimer.swift */,
				71CED1712AC76D1F00F5E4E9 /* TimerView.swift */,
			);
			path = "Timer View";
			sourceTree = "<group>";
		};
/* End PBXGroup section */

/* Begin PBXNativeTarget section */
		716BF52A2AC6D643009197F6 /* StoreShopping */ = {
			isa = PBXNativeTarget;
			buildConfigurationList = 716BF5392AC6D645009197F6 /* Build configuration list for PBXNativeTarget "StoreShopping" */;
			buildPhases = (
				716BF5272AC6D643009197F6 /* Sources */,
				716BF5282AC6D643009197F6 /* Frameworks */,
				716BF5292AC6D643009197F6 /* Resources */,
			);
			buildRules = (
			);
			dependencies = (
			);
			name = StoreShopping;
			productName = StoreShopping;
			productReference = 716BF52B2AC6D643009197F6 /* StoreShopping.app */;
			productType = "com.apple.product-type.application";
		};
/* End PBXNativeTarget section */

/* Begin PBXProject section */
		716BF5232AC6D643009197F6 /* Project object */ = {
			isa = PBXProject;
			attributes = {
				BuildIndependentTargetsInParallel = 1;
				LastSwiftUpdateCheck = 1420;
				LastUpgradeCheck = 1420;
				TargetAttributes = {
					716BF52A2AC6D643009197F6 = {
						CreatedOnToolsVersion = 14.2;
					};
				};
			};
			buildConfigurationList = 716BF5262AC6D643009197F6 /* Build configuration list for PBXProject "StoreShopping" */;
			compatibilityVersion = "Xcode 14.0";
			developmentRegion = en;
			hasScannedForEncodings = 0;
			knownRegions = (
				en,
				Base,
			);
			mainGroup = 716BF5222AC6D643009197F6;
			productRefGroup = 716BF52C2AC6D643009197F6 /* Products */;
			projectDirPath = "";
			projectRoot = "";
			targets = (
				716BF52A2AC6D643009197F6 /* StoreShopping */,
			);
		};
/* End PBXProject section */

/* Begin PBXResourcesBuildPhase section */
		716BF5292AC6D643009197F6 /* Resources */ = {
			isa = PBXResourcesBuildPhase;
			buildActionMask = 2147483647;
			files = (
				716BF5362AC6D645009197F6 /* Preview Assets.xcassets in Resources */,
				716BF5332AC6D645009197F6 /* Assets.xcassets in Resources */,
				71C7233F2AD1DD2800881694 /* items.json in Resources */,
				719E60382ACED442002409F4 /* locations.json in Resources */,
				710BDFEB2AC85F260036F339 /* shoplists.json in Resources */,
			);
			runOnlyForDeploymentPostprocessing = 0;
		};
/* End PBXResourcesBuildPhase section */

/* Begin PBXSourcesBuildPhase section */
		716BF5272AC6D643009197F6 /* Sources */ = {
			isa = PBXSourcesBuildPhase;
			buildActionMask = 2147483647;
			files = (
				7113EFAD2ACC223F00EA143B /* DraftShopListForm.swift in Sources */,
				710BDFF42AC86E3B0036F339 /* Logger.swift in Sources */,
				71CED15A2AC7663800F5E4E9 /* CompactMainView.swift in Sources */,
				710BDFE42AC827740036F339 /* ShopListsView.swift in Sources */,
				71A2043B2AD550FD00B05A55 /* ItemListView.swift in Sources */,
				710BDFF22AC86A790036F339 /* ModelShopList.swift in Sources */,
				719609992ACF4A65008706EE /* ModelLocation.swift in Sources */,
				71CED15B2AC7663800F5E4E9 /* NavigationItem.swift in Sources */,
				71627F482AD61CF400E3EF8B /* DraftItemForm.swift in Sources */,
				71CED1732AC76D1F00F5E4E9 /* TimerView.swift in Sources */,
				71CED1752AC76E0700F5E4E9 /* UserDefaultDefinitions.swift in Sources */,
				710BDFF62AC874A70036F339 /* ShopListRowView.swift in Sources */,
				71CA430B2ACAD5C800E5457A /* CKShopperRec.swift in Sources */,
				71A204472AD5648000B05A55 /* NavBarImageButton.swift in Sources */,
				71A2043D2AD5512100B05A55 /* ItemSection.swift in Sources */,
				71CED1652AC7696300F5E4E9 /* PurchasedItemsView.swift in Sources */,
				71627F462AD61C8D00E3EF8B /* ModifyExistingItemView.swift in Sources */,
				71A204412AD55F4800B05A55 /* SectionHeaderButton.swift in Sources */,
				71A204392AD54F5000B05A55 /* ShoppingListView.swift in Sources */,
				71CED15C2AC7663800F5E4E9 /* MainView.swift in Sources */,
				71CED16E2AC76A5B00F5E4E9 /* NavBarAppearanceModifier.swift in Sources */,
				710BDFE92AC82EEB0036F339 /* CloudKitUtility.swift in Sources */,
				71A2043F2AD5517700B05A55 /* SelectableItemRowView.swift in Sources */,
				7196099E2ACF5348008706EE /* LocationRowView.swift in Sources */,
				71C723412AD207AF00881694 /* ModelItem.swift in Sources */,
				71CED15E2AC7663800F5E4E9 /* RegularMainView.swift in Sources */,
				710BDFF02AC864770036F339 /* MyRecordTypes.swift in Sources */,
				710BDFFD2AC8A8DC0036F339 /* SLFormLabelText.swift in Sources */,
				710BDFEE2AC862A30036F339 /* CKShopListRec.swift in Sources */,
				710BDFF82AC8775E0036F339 /* Model.swift in Sources */,
				71CED15D2AC7663800F5E4E9 /* StoreShoppingApp.swift in Sources */,
				719E60362ACEC5D7002409F4 /* CKLocationRec.swift in Sources */,
				713EA42C2AD0B53300DC1411 /* UpdateLocationView.swift in Sources */,
				71C7233D2AD1D0E300881694 /* CKItemRec.swift in Sources */,
				71A204432AD562D200B05A55 /* EmptyListView.swift in Sources */,
				7196099C2ACF4DD4008706EE /* LocationsView.swift in Sources */,
				71CA430E2ACADB6500E5457A /* ModelShopper.swift in Sources */,
				713EA42E2AD0B6B600DC1411 /* DraftLocationForm.swift in Sources */,
				71CED1722AC76D1F00F5E4E9 /* GlobalTimer.swift in Sources */,
				710BDFFB2AC8A65F0036F339 /* PreferencesView.swift in Sources */,
				71A204452AD5640C00B05A55 /* AddNewItemView.swift in Sources */,
				710BE0022AC980670036F339 /* View+Extensions.swift in Sources */,
				710BE0002AC8A9E30036F339 /* Development.swift in Sources */,
				71CA43102ACB8B7F00E5457A /* UpdateShopListView.swift in Sources */,
			);
			runOnlyForDeploymentPostprocessing = 0;
		};
/* End PBXSourcesBuildPhase section */

/* Begin XCBuildConfiguration section */
		716BF5372AC6D645009197F6 /* Debug */ = {
			isa = XCBuildConfiguration;
			buildSettings = {
				ALWAYS_SEARCH_USER_PATHS = NO;
				CLANG_ANALYZER_NONNULL = YES;
				CLANG_ANALYZER_NUMBER_OBJECT_CONVERSION = YES_AGGRESSIVE;
				CLANG_CXX_LANGUAGE_STANDARD = "gnu++20";
				CLANG_ENABLE_MODULES = YES;
				CLANG_ENABLE_OBJC_ARC = YES;
				CLANG_ENABLE_OBJC_WEAK = YES;
				CLANG_WARN_BLOCK_CAPTURE_AUTORELEASING = YES;
				CLANG_WARN_BOOL_CONVERSION = YES;
				CLANG_WARN_COMMA = YES;
				CLANG_WARN_CONSTANT_CONVERSION = YES;
				CLANG_WARN_DEPRECATED_OBJC_IMPLEMENTATIONS = YES;
				CLANG_WARN_DIRECT_OBJC_ISA_USAGE = YES_ERROR;
				CLANG_WARN_DOCUMENTATION_COMMENTS = YES;
				CLANG_WARN_EMPTY_BODY = YES;
				CLANG_WARN_ENUM_CONVERSION = YES;
				CLANG_WARN_INFINITE_RECURSION = YES;
				CLANG_WARN_INT_CONVERSION = YES;
				CLANG_WARN_NON_LITERAL_NULL_CONVERSION = YES;
				CLANG_WARN_OBJC_IMPLICIT_RETAIN_SELF = YES;
				CLANG_WARN_OBJC_LITERAL_CONVERSION = YES;
				CLANG_WARN_OBJC_ROOT_CLASS = YES_ERROR;
				CLANG_WARN_QUOTED_INCLUDE_IN_FRAMEWORK_HEADER = YES;
				CLANG_WARN_RANGE_LOOP_ANALYSIS = YES;
				CLANG_WARN_STRICT_PROTOTYPES = YES;
				CLANG_WARN_SUSPICIOUS_MOVE = YES;
				CLANG_WARN_UNGUARDED_AVAILABILITY = YES_AGGRESSIVE;
				CLANG_WARN_UNREACHABLE_CODE = YES;
				CLANG_WARN__DUPLICATE_METHOD_MATCH = YES;
				COPY_PHASE_STRIP = NO;
				DEBUG_INFORMATION_FORMAT = dwarf;
				ENABLE_STRICT_OBJC_MSGSEND = YES;
				ENABLE_TESTABILITY = YES;
				GCC_C_LANGUAGE_STANDARD = gnu11;
				GCC_DYNAMIC_NO_PIC = NO;
				GCC_NO_COMMON_BLOCKS = YES;
				GCC_OPTIMIZATION_LEVEL = 0;
				GCC_PREPROCESSOR_DEFINITIONS = (
					"DEBUG=1",
					"$(inherited)",
				);
				GCC_WARN_64_TO_32_BIT_CONVERSION = YES;
				GCC_WARN_ABOUT_RETURN_TYPE = YES_ERROR;
				GCC_WARN_UNDECLARED_SELECTOR = YES;
				GCC_WARN_UNINITIALIZED_AUTOS = YES_AGGRESSIVE;
				GCC_WARN_UNUSED_FUNCTION = YES;
				GCC_WARN_UNUSED_VARIABLE = YES;
				IPHONEOS_DEPLOYMENT_TARGET = 16.2;
				MTL_ENABLE_DEBUG_INFO = INCLUDE_SOURCE;
				MTL_FAST_MATH = YES;
				ONLY_ACTIVE_ARCH = YES;
				SDKROOT = iphoneos;
				SWIFT_ACTIVE_COMPILATION_CONDITIONS = DEBUG;
				SWIFT_OPTIMIZATION_LEVEL = "-Onone";
			};
			name = Debug;
		};
		716BF5382AC6D645009197F6 /* Release */ = {
			isa = XCBuildConfiguration;
			buildSettings = {
				ALWAYS_SEARCH_USER_PATHS = NO;
				CLANG_ANALYZER_NONNULL = YES;
				CLANG_ANALYZER_NUMBER_OBJECT_CONVERSION = YES_AGGRESSIVE;
				CLANG_CXX_LANGUAGE_STANDARD = "gnu++20";
				CLANG_ENABLE_MODULES = YES;
				CLANG_ENABLE_OBJC_ARC = YES;
				CLANG_ENABLE_OBJC_WEAK = YES;
				CLANG_WARN_BLOCK_CAPTURE_AUTORELEASING = YES;
				CLANG_WARN_BOOL_CONVERSION = YES;
				CLANG_WARN_COMMA = YES;
				CLANG_WARN_CONSTANT_CONVERSION = YES;
				CLANG_WARN_DEPRECATED_OBJC_IMPLEMENTATIONS = YES;
				CLANG_WARN_DIRECT_OBJC_ISA_USAGE = YES_ERROR;
				CLANG_WARN_DOCUMENTATION_COMMENTS = YES;
				CLANG_WARN_EMPTY_BODY = YES;
				CLANG_WARN_ENUM_CONVERSION = YES;
				CLANG_WARN_INFINITE_RECURSION = YES;
				CLANG_WARN_INT_CONVERSION = YES;
				CLANG_WARN_NON_LITERAL_NULL_CONVERSION = YES;
				CLANG_WARN_OBJC_IMPLICIT_RETAIN_SELF = YES;
				CLANG_WARN_OBJC_LITERAL_CONVERSION = YES;
				CLANG_WARN_OBJC_ROOT_CLASS = YES_ERROR;
				CLANG_WARN_QUOTED_INCLUDE_IN_FRAMEWORK_HEADER = YES;
				CLANG_WARN_RANGE_LOOP_ANALYSIS = YES;
				CLANG_WARN_STRICT_PROTOTYPES = YES;
				CLANG_WARN_SUSPICIOUS_MOVE = YES;
				CLANG_WARN_UNGUARDED_AVAILABILITY = YES_AGGRESSIVE;
				CLANG_WARN_UNREACHABLE_CODE = YES;
				CLANG_WARN__DUPLICATE_METHOD_MATCH = YES;
				COPY_PHASE_STRIP = NO;
				DEBUG_INFORMATION_FORMAT = "dwarf-with-dsym";
				ENABLE_NS_ASSERTIONS = NO;
				ENABLE_STRICT_OBJC_MSGSEND = YES;
				GCC_C_LANGUAGE_STANDARD = gnu11;
				GCC_NO_COMMON_BLOCKS = YES;
				GCC_WARN_64_TO_32_BIT_CONVERSION = YES;
				GCC_WARN_ABOUT_RETURN_TYPE = YES_ERROR;
				GCC_WARN_UNDECLARED_SELECTOR = YES;
				GCC_WARN_UNINITIALIZED_AUTOS = YES_AGGRESSIVE;
				GCC_WARN_UNUSED_FUNCTION = YES;
				GCC_WARN_UNUSED_VARIABLE = YES;
				IPHONEOS_DEPLOYMENT_TARGET = 16.2;
				MTL_ENABLE_DEBUG_INFO = NO;
				MTL_FAST_MATH = YES;
				SDKROOT = iphoneos;
				SWIFT_COMPILATION_MODE = wholemodule;
				SWIFT_OPTIMIZATION_LEVEL = "-O";
				VALIDATE_PRODUCT = YES;
			};
			name = Release;
		};
		716BF53A2AC6D645009197F6 /* Debug */ = {
			isa = XCBuildConfiguration;
			buildSettings = {
				ASSETCATALOG_COMPILER_APPICON_NAME = AppIcon;
				ASSETCATALOG_COMPILER_GLOBAL_ACCENT_COLOR_NAME = AccentColor;
				CODE_SIGN_ENTITLEMENTS = StoreShopping/StoreShopping.entitlements;
				CODE_SIGN_STYLE = Automatic;
				CURRENT_PROJECT_VERSION = 1;
				DEVELOPMENT_ASSET_PATHS = "\"StoreShopping/Preview Content\"";
				DEVELOPMENT_TEAM = 37U896T65Y;
				ENABLE_PREVIEWS = YES;
				GENERATE_INFOPLIST_FILE = YES;
				INFOPLIST_KEY_UIApplicationSceneManifest_Generation = YES;
				INFOPLIST_KEY_UIApplicationSupportsIndirectInputEvents = YES;
				INFOPLIST_KEY_UILaunchScreen_Generation = YES;
				INFOPLIST_KEY_UISupportedInterfaceOrientations_iPad = "UIInterfaceOrientationPortrait UIInterfaceOrientationPortraitUpsideDown UIInterfaceOrientationLandscapeLeft UIInterfaceOrientationLandscapeRight";
				INFOPLIST_KEY_UISupportedInterfaceOrientations_iPhone = "UIInterfaceOrientationPortrait UIInterfaceOrientationLandscapeLeft UIInterfaceOrientationLandscapeRight";
				LD_RUNPATH_SEARCH_PATHS = (
					"$(inherited)",
					"@executable_path/Frameworks",
				);
				MARKETING_VERSION = 1.0;
				PRODUCT_BUNDLE_IDENTIFIER = com.codewithbrian.StoreShopping;
				PRODUCT_NAME = "$(TARGET_NAME)";
				SWIFT_EMIT_LOC_STRINGS = YES;
				SWIFT_VERSION = 5.0;
				TARGETED_DEVICE_FAMILY = "1,2";
			};
			name = Debug;
		};
		716BF53B2AC6D645009197F6 /* Release */ = {
			isa = XCBuildConfiguration;
			buildSettings = {
				ASSETCATALOG_COMPILER_APPICON_NAME = AppIcon;
				ASSETCATALOG_COMPILER_GLOBAL_ACCENT_COLOR_NAME = AccentColor;
				CODE_SIGN_ENTITLEMENTS = StoreShopping/StoreShopping.entitlements;
				CODE_SIGN_STYLE = Automatic;
				CURRENT_PROJECT_VERSION = 1;
				DEVELOPMENT_ASSET_PATHS = "\"StoreShopping/Preview Content\"";
				DEVELOPMENT_TEAM = 37U896T65Y;
				ENABLE_PREVIEWS = YES;
				GENERATE_INFOPLIST_FILE = YES;
				INFOPLIST_KEY_UIApplicationSceneManifest_Generation = YES;
				INFOPLIST_KEY_UIApplicationSupportsIndirectInputEvents = YES;
				INFOPLIST_KEY_UILaunchScreen_Generation = YES;
				INFOPLIST_KEY_UISupportedInterfaceOrientations_iPad = "UIInterfaceOrientationPortrait UIInterfaceOrientationPortraitUpsideDown UIInterfaceOrientationLandscapeLeft UIInterfaceOrientationLandscapeRight";
				INFOPLIST_KEY_UISupportedInterfaceOrientations_iPhone = "UIInterfaceOrientationPortrait UIInterfaceOrientationLandscapeLeft UIInterfaceOrientationLandscapeRight";
				LD_RUNPATH_SEARCH_PATHS = (
					"$(inherited)",
					"@executable_path/Frameworks",
				);
				MARKETING_VERSION = 1.0;
				PRODUCT_BUNDLE_IDENTIFIER = com.codewithbrian.StoreShopping;
				PRODUCT_NAME = "$(TARGET_NAME)";
				SWIFT_EMIT_LOC_STRINGS = YES;
				SWIFT_VERSION = 5.0;
				TARGETED_DEVICE_FAMILY = "1,2";
			};
			name = Release;
		};
/* End XCBuildConfiguration section */

/* Begin XCConfigurationList section */
		716BF5262AC6D643009197F6 /* Build configuration list for PBXProject "StoreShopping" */ = {
			isa = XCConfigurationList;
			buildConfigurations = (
				716BF5372AC6D645009197F6 /* Debug */,
				716BF5382AC6D645009197F6 /* Release */,
			);
			defaultConfigurationIsVisible = 0;
			defaultConfigurationName = Release;
		};
		716BF5392AC6D645009197F6 /* Build configuration list for PBXNativeTarget "StoreShopping" */ = {
			isa = XCConfigurationList;
			buildConfigurations = (
				716BF53A2AC6D645009197F6 /* Debug */,
				716BF53B2AC6D645009197F6 /* Release */,
			);
			defaultConfigurationIsVisible = 0;
			defaultConfigurationName = Release;
		};
/* End XCConfigurationList section */
	};
	rootObject = 716BF5232AC6D643009197F6 /* Project object */;
}
